
Microsoft Visual Studio Solution File, Format Version 12.00
# Visual Studio Version 17
VisualStudioVersion = 17.0.31903.59
MinimumVisualStudioVersion = 10.0.40219.1
Project("{FAE04EC0-301F-11D3-BF4B-00C04F79EFBC}") = "Calculadora", "Calculadora\Calculadora.csproj", "{D4D8CD43-7425-49D5-8CC0-0842D3BA4A14}"
EndProject
Project("{FAE04EC0-301F-11D3-BF4B-00C04F79EFBC}") = "CalculadoraTeste", "CalculadoraTeste\CalculadoraTeste.csproj", "{0E9B2BF5-1010-454B-9C05-1DE8ECCF7681}"
EndProject
Global
	GlobalSection(SolutionConfigurationPlatforms) = preSolution
		Debug|Any CPU = Debug|Any CPU
		Release|Any CPU = Release|Any CPU
	EndGlobalSection
	GlobalSection(SolutionProperties) = preSolution
		HideSolutionNode = FALSE
	EndGlobalSection
	GlobalSection(ProjectConfigurationPlatforms) = postSolution
		{D4D8CD43-7425-49D5-8CC0-0842D3BA4A14}.Debug|Any CPU.ActiveCfg = Debug|Any CPU
		{D4D8CD43-7425-49D5-8CC0-0842D3BA4A14}.Debug|Any CPU.Build.0 = Debug|Any CPU
		{D4D8CD43-7425-49D5-8CC0-0842D3BA4A14}.Release|Any CPU.ActiveCfg = Release|Any CPU
		{D4D8CD43-7425-49D5-8CC0-0842D3BA4A14}.Release|Any CPU.Build.0 = Release|Any CPU
		{0E9B2BF5-1010-454B-9C05-1DE8ECCF7681}.Debug|Any CPU.ActiveCfg = Debug|Any CPU
		{0E9B2BF5-1010-454B-9C05-1DE8ECCF7681}.Debug|Any CPU.Build.0 = Debug|Any CPU
		{0E9B2BF5-1010-454B-9C05-1DE8ECCF7681}.Release|Any CPU.ActiveCfg = Release|Any CPU
		{0E9B2BF5-1010-454B-9C05-1DE8ECCF7681}.Release|Any CPU.Build.0 = Release|Any CPU
	EndGlobalSection
EndGlobal
